# THIS IS AN AUTOGENERATED FILE. DO NOT EDIT THIS FILE DIRECTLY.
# yarn lockfile v1


"@activeadmin/activeadmin@4.0.0-beta19":
  version "4.0.0-beta19"
  resolved "https://registry.yarnpkg.com/@activeadmin/activeadmin/-/activeadmin-4.0.0-beta19.tgz#fcc7e43de40bb0d1ba5ee1ef6eed0c2580a3d87f"
  integrity sha512-U/5yHRqlY21etaWK6zsN0O0Flwp/hoajbG1kt2OoiMl+yo3GlV10AM50j6cJioRCP7L0L3wtyAjO+aVJUWCbDg==
  dependencies:
    "@rails/ujs" "7.1.600"
    flowbite "3.1.2"

"@popperjs/core@^2.9.3":
  version "2.11.8"
  resolved "https://registry.yarnpkg.com/@popperjs/core/-/core-2.11.8.tgz#6b79032e760a0899cd4204710beede972a3a185f"
  integrity sha512-P1st0aksCrn9sGZhp8GMYwBnQsbvAWsZAX44oXNNvLHGqAOcoVxmjZiohstwQ7SqKnbR47akdNi+uleWD8+g6A==

"@rails/ujs@7.1.600":
  version "7.1.600"
  resolved "https://registry.yarnpkg.com/@rails/ujs/-/ujs-7.1.600.tgz#781d2737f3a81da81e78d93ec779099871288965"
  integrity sha512-ntMYJ8++n1zcIJ1g75or7Va9IU3ueCHgp9IJk7Ny7eFEbu0Kx40EHZ2FNhoxoUEjlF5NifCFCbvoK5rDK5HpIQ==

"@rollup/plugin-node-resolve@^15.2.3":
  version "15.3.1"
  resolved "https://registry.yarnpkg.com/@rollup/plugin-node-resolve/-/plugin-node-resolve-15.3.1.tgz#66008953c2524be786aa319d49e32f2128296a78"
  integrity sha512-tgg6b91pAybXHJQMAAwW9VuWBO6Thi+q7BCNARLwSqlmsHz0XYURtGvh/AuwSADXSI4h/2uHbs7s4FzlZDGSGA==
  dependencies:
    "@rollup/pluginutils" "^5.0.1"
    "@types/resolve" "1.20.2"
    deepmerge "^4.2.2"
    is-module "^1.0.0"
    resolve "^1.22.1"

"@rollup/pluginutils@^5.0.1":
  version "5.3.0"
  resolved "https://registry.yarnpkg.com/@rollup/pluginutils/-/pluginutils-5.3.0.tgz#57ba1b0cbda8e7a3c597a4853c807b156e21a7b4"
  integrity sha512-5EdhGZtnu3V88ces7s53hhfK5KSASnJZv8Lulpc04cWO3REESroJXg73DFsOmgbU2BhwV0E20bu2IDZb3VKW4Q==
  dependencies:
    "@types/estree" "^1.0.0"
    estree-walker "^2.0.2"
    picomatch "^4.0.2"

"@types/estree@^1.0.0":
  version "1.0.8"
  resolved "https://registry.yarnpkg.com/@types/estree/-/estree-1.0.8.tgz#958b91c991b1867ced318bedea0e215ee050726e"
  integrity sha512-dWHzHa2WqEXI/O1E9OjrocMTKJl2mSrEolh1Iomrv6U+JuNwaHXsXx9bLu5gG7BUWFIN0skIQJQ/L1rIex4X6w==

"@types/resolve@1.20.2":
  version "1.20.2"
  resolved "https://registry.yarnpkg.com/@types/resolve/-/resolve-1.20.2.tgz#97d26e00cd4a0423b4af620abecf3e6f442b7975"
  integrity sha512-60BCwRFOZCQhDncwQdxxeOEEkbc5dIMccYLwbxsS4TUNeVECQ/pBJ0j09mrHOl/JJvpRPGwO9SvE4nR2Nb/a4Q==

deepmerge@^4.2.2:
  version "4.3.1"
  resolved "https://registry.yarnpkg.com/deepmerge/-/deepmerge-4.3.1.tgz#44b5f2147cd3b00d4b56137685966f26fd25dd4a"
  integrity sha512-3sUqbMEc77XqpdNO7FRyRog+eW3ph+GYCbj+rK+uYyRMuwsVy0rMiVtPn+QJlKFvWP/1PYpapqYn0Me2knFn+A==

estree-walker@^2.0.2:
  version "2.0.2"
  resolved "https://registry.yarnpkg.com/estree-walker/-/estree-walker-2.0.2.tgz#52f010178c2a4c117a7757cfe942adb7d2da4cac"
  integrity sha512-Rfkk/Mp/DL7JVje3u18FxFujQlTNR2q6QfMSMB7AvCBx91NGj/ba3kCfza0f6dVDbw7YlRf/nDrn7pQrCCyQ/w==

flowbite-datepicker@^1.3.0, flowbite-datepicker@^1.3.1:
  version "1.3.2"
  resolved "https://registry.yarnpkg.com/flowbite-datepicker/-/flowbite-datepicker-1.3.2.tgz#ad830d73f923344fb5614978f0d87e790cc69c4b"
  integrity sha512-6Nfm0MCVX3mpaR7YSCjmEO2GO8CDt6CX8ZpQnGdeu03WUCWtEPQ/uy0PUiNtIJjJZWnX0Cm3H55MOhbD1g+E/g==
  dependencies:
    "@rollup/plugin-node-resolve" "^15.2.3"
    flowbite "^2.0.0"

flowbite@3.1.2:
  version "3.1.2"
  resolved "https://registry.yarnpkg.com/flowbite/-/flowbite-3.1.2.tgz#a3223462b608119e8388af6579d05642e553a5db"
  integrity sha512-MkwSgbbybCYgMC+go6Da5idEKUFfMqc/AmSjm/2ZbdmvoKf5frLPq/eIhXc9P+rC8t9boZtUXzHDgt5whZ6A/Q==
  dependencies:
    "@popperjs/core" "^2.9.3"
    flowbite-datepicker "^1.3.1"
    mini-svg-data-uri "^1.4.3"
    postcss "^8.5.1"

flowbite@^2.0.0:
  version "2.5.2"
  resolved "https://registry.yarnpkg.com/flowbite/-/flowbite-2.5.2.tgz#4a14b87ad3f2abd8bcd7b0fb52a6b06fd7a74685"
  integrity sha512-kwFD3n8/YW4EG8GlY3Od9IoKND97kitO+/ejISHSqpn3vw2i5K/+ZI8Jm2V+KC4fGdnfi0XZ+TzYqQb4Q1LshA==
  dependencies:
    "@popperjs/core" "^2.9.3"
    flowbite-datepicker "^1.3.0"
    mini-svg-data-uri "^1.4.3"

function-bind@^1.1.2:
  version "1.1.2"
  resolved "https://registry.yarnpkg.com/function-bind/-/function-bind-1.1.2.tgz#2c02d864d97f3ea6c8830c464cbd11ab6eab7a1c"
  integrity sha512-7XHNxH7qX9xG5mIwxkhumTox/MIRNcOgDrxWsMt2pAr23WHp6MrRlN7FBSFpCpr+oVO0F744iUgR82nJMfG2SA==

hasown@^2.0.2:
  version "2.0.2"
  resolved "https://registry.yarnpkg.com/hasown/-/hasown-2.0.2.tgz#003eaf91be7adc372e84ec59dc37252cedb80003"
  integrity sha512-0hJU9SCPvmMzIBdZFqNPXWa6dqh7WdH0cII9y+CyS8rG3nL48Bclra9HmKhVVUHyPWNH5Y7xDwAB7bfgSjkUMQ==
  dependencies:
    function-bind "^1.1.2"

is-core-module@^2.16.1:
  version "2.16.1"
  resolved "https://registry.yarnpkg.com/is-core-module/-/is-core-module-2.16.1.tgz#2a98801a849f43e2add644fbb6bc6229b19a4ef4"
  integrity sha512-UfoeMA6fIJ8wTYFEUjelnaGI67v6+N7qXJEvQuIGa99l4xsCruSYOVSQ0uPANn4dAzm8lkYPaKLrrijLq7x23w==
  dependencies:
    hasown "^2.0.2"

is-module@^1.0.0:
  version "1.0.0"
  resolved "https://registry.yarnpkg.com/is-module/-/is-module-1.0.0.tgz#3258fb69f78c14d5b815d664336b4cffb6441591"
  integrity sha512-51ypPSPCoTEIN9dy5Oy+h4pShgJmPCygKfyRCISBI+JoWT/2oJvK8QPxmwv7b/p239jXrm9M1mlQbyKJ5A152g==

mini-svg-data-uri@^1.4.3:
  version "1.4.4"
  resolved "https://registry.yarnpkg.com/mini-svg-data-uri/-/mini-svg-data-uri-1.4.4.tgz#8ab0aabcdf8c29ad5693ca595af19dd2ead09939"
  integrity sha512-r9deDe9p5FJUPZAk3A59wGH7Ii9YrjjWw0jmw/liSbHl2CHiyXj6FcDXDu2K3TjVAXqiJdaw3xxwlZZr9E6nHg==

nanoid@^3.3.11:
  version "3.3.11"
  resolved "https://registry.yarnpkg.com/nanoid/-/nanoid-3.3.11.tgz#4f4f112cefbe303202f2199838128936266d185b"
  integrity sha512-N8SpfPUnUp1bK+PMYW8qSWdl9U+wwNWI4QKxOYDy9JAro3WMX7p2OeVRF9v+347pnakNevPmiHhNmZ2HbFA76w==

path-parse@^1.0.7:
  version "1.0.7"
  resolved "https://registry.yarnpkg.com/path-parse/-/path-parse-1.0.7.tgz#fbc114b60ca42b30d9daf5858e4bd68bbedb6735"
  integrity sha512-LDJzPVEEEPR+y48z93A0Ed0yXb8pAByGWo/k5YYdYgpY2/2EsOsksJrq7lOHxryrVOn1ejG6oAp8ahvOIQD8sw==

picocolors@^1.1.1:
  version "1.1.1"
  resolved "https://registry.yarnpkg.com/picocolors/-/picocolors-1.1.1.tgz#3d321af3eab939b083c8f929a1d12cda81c26b6b"
  integrity sha512-xceH2snhtb5M9liqDsmEw56le376mTZkEX/jEb/RxNFyegNul7eNslCXP9FDj/Lcu0X8KEyMceP2ntpaHrDEVA==

picomatch@^4.0.2:
  version "4.0.3"
  resolved "https://registry.yarnpkg.com/picomatch/-/picomatch-4.0.3.tgz#796c76136d1eead715db1e7bad785dedd695a042"
  integrity sha512-5gTmgEY/sqK6gFXLIsQNH19lWb4ebPDLA4SdLP7dsWkIXHWlG66oPuVvXSGFPppYZz8ZDZq0dYYrbHfBCVUb1Q==

postcss@^8.5.1:
  version "8.5.6"
  resolved "https://registry.yarnpkg.com/postcss/-/postcss-8.5.6.tgz#2825006615a619b4f62a9e7426cc120b349a8f3c"
  integrity sha512-3Ybi1tAuwAP9s0r1UQ2J4n5Y0G05bJkpUIO0/bI9MhwmD70S5aTWbXGBwxHrelT+XM1k6dM0pk+SwNkpTRN7Pg==
  dependencies:
    nanoid "^3.3.11"
    picocolors "^1.1.1"
    source-map-js "^1.2.1"

resolve@^1.22.1:
  version "1.22.11"
  resolved "https://registry.yarnpkg.com/resolve/-/resolve-1.22.11.tgz#aad857ce1ffb8bfa9b0b1ac29f1156383f68c262"
  integrity sha512-RfqAvLnMl313r7c9oclB1HhUEAezcpLjz95wFH4LVuhk9JF/r22qmVP9AMmOU4vMX7Q8pN8jwNg/CSpdFnMjTQ==
  dependencies:
    is-core-module "^2.16.1"
    path-parse "^1.0.7"
    supports-preserve-symlinks-flag "^1.0.0"

source-map-js@^1.2.1:
  version "1.2.1"
  resolved "https://registry.yarnpkg.com/source-map-js/-/source-map-js-1.2.1.tgz#1ce5650fddd87abc099eda37dcff024c2667ae46"
  integrity sha512-UXWMKhLOwVKb728IUtQPXxfYU+usdybtUrK/8uGE8CQMvrhOpwvzDBwj0QhSL7MQc7vIsISBG8VQ8+IDQxpfQA==

supports-preserve-symlinks-flag@^1.0.0:
  version "1.0.0"
  resolved "https://registry.yarnpkg.com/supports-preserve-symlinks-flag/-/supports-preserve-symlinks-flag-1.0.0.tgz#6eda4bd344a3c94aea376d4cc31bc77311039e09"
  integrity sha512-ot0WnXS9fgdkgIcePe6RHNk1WA8+muPa6cSjeR3V8K27q9BB1rTE3R1p7Hv0z1ZyAc8s6Vvv8DIyWf681MAt0w==

tailwindcss@^4.1.18:
  version "4.1.18"
  resolved "https://registry.yarnpkg.com/tailwindcss/-/tailwindcss-4.1.18.tgz#f488ba47853abdb5354daf9679d3e7791fc4f4e3"
  integrity sha512-4+Z+0yiYyEtUVCScyfHCxOYP06L5Ne+JiHhY2IjR2KWMIWhJOYZKLSGZaP5HkZ8+bY0cxfzwDE5uOmzFXyIwxw==
